
Microsoft Visual Studio Solution File, Format Version 12.00
# Visual Studio Version 17
VisualStudioVersion = 17.9.34728.123
MinimumVisualStudioVersion = 10.0.40219.1
Project("{FAE04EC0-301F-11D3-BF4B-00C04F79EFBC}") = "Core_Proje", "Core_Proje\Core_Proje.csproj", "{67277947-B15F-461D-917C-71543604CB5F}"
EndProject
Project("{FAE04EC0-301F-11D3-BF4B-00C04F79EFBC}") = "BusinessLayer", "BusinessLayer\BusinessLayer.csproj", "{20D044A8-E848-4A83-B568-2D24D8A2D5CA}"
EndProject
Project("{FAE04EC0-301F-11D3-BF4B-00C04F79EFBC}") = "DataAccessLayer", "DataAccessLayer\DataAccessLayer.csproj", "{67BA692F-B22B-40F8-A86F-D08884D9F2B5}"
EndProject
Project("{FAE04EC0-301F-11D3-BF4B-00C04F79EFBC}") = "EntityLayer", "EntityLayer\EntityLayer.csproj", "{7842AD39-EDD4-4F10-BB30-4DD6DB7705AA}"
EndProject
Global
	GlobalSection(SolutionConfigurationPlatforms) = preSolution
		Debug|Any CPU = Debug|Any CPU
		Release|Any CPU = Release|Any CPU
	EndGlobalSection
	GlobalSection(ProjectConfigurationPlatforms) = postSolution
		{67277947-B15F-461D-917C-71543604CB5F}.Debug|Any CPU.ActiveCfg = Debug|Any CPU
		{67277947-B15F-461D-917C-71543604CB5F}.Debug|Any CPU.Build.0 = Debug|Any CPU
		{67277947-B15F-461D-917C-71543604CB5F}.Release|Any CPU.ActiveCfg = Release|Any CPU
		{67277947-B15F-461D-917C-71543604CB5F}.Release|Any CPU.Build.0 = Release|Any CPU
		{20D044A8-E848-4A83-B568-2D24D8A2D5CA}.Debug|Any CPU.ActiveCfg = Debug|Any CPU
		{20D044A8-E848-4A83-B568-2D24D8A2D5CA}.Debug|Any CPU.Build.0 = Debug|Any CPU
		{20D044A8-E848-4A83-B568-2D24D8A2D5CA}.Release|Any CPU.ActiveCfg = Release|Any CPU
		{20D044A8-E848-4A83-B568-2D24D8A2D5CA}.Release|Any CPU.Build.0 = Release|Any CPU
		{67BA692F-B22B-40F8-A86F-D08884D9F2B5}.Debug|Any CPU.ActiveCfg = Debug|Any CPU
		{67BA692F-B22B-40F8-A86F-D08884D9F2B5}.Debug|Any CPU.Build.0 = Debug|Any CPU
		{67BA692F-B22B-40F8-A86F-D08884D9F2B5}.Release|Any CPU.ActiveCfg = Release|Any CPU
		{67BA692F-B22B-40F8-A86F-D08884D9F2B5}.Release|Any CPU.Build.0 = Release|Any CPU
		{7842AD39-EDD4-4F10-BB30-4DD6DB7705AA}.Debug|Any CPU.ActiveCfg = Debug|Any CPU
		{7842AD39-EDD4-4F10-BB30-4DD6DB7705AA}.Debug|Any CPU.Build.0 = Debug|Any CPU
		{7842AD39-EDD4-4F10-BB30-4DD6DB7705AA}.Release|Any CPU.ActiveCfg = Release|Any CPU
		{7842AD39-EDD4-4F10-BB30-4DD6DB7705AA}.Release|Any CPU.Build.0 = Release|Any CPU
	EndGlobalSection
	GlobalSection(SolutionProperties) = preSolution
		HideSolutionNode = FALSE
	EndGlobalSection
	GlobalSection(ExtensibilityGlobals) = postSolution
		SolutionGuid = {97DFA7D9-78B8-4475-A049-844A0EB7F499}
	EndGlobalSection
EndGlobal
